# This file is autogenerated, do not edit; changes may be undone by the next 'dep ensure'.


[[projects]]
  digest = "1:4b8b5811da6970495e04d1f4e98bb89518cc3cfc3b3f456bdb876ed7b6c74049"
  name = "github.com/davecgh/go-spew"
  packages = ["spew"]
  pruneopts = "NT"
  revision = "8991bc29aa16c548c550c7ff78260e27b9ab7c73"
  version = "v1.1.1"

[[projects]]
  digest = "1:448bf60e9dce6d5fd9dfa8fd9eb9a23163424ff4e4f142456405781e942e3998"
  name = "github.com/evanphx/json-patch"
  packages = ["."]
  pruneopts = "NT"
  revision = "026c730a0dcc5d11f93f1cf1cc65b01247ea7b6f"
  version = "v4.5.0"

[[projects]]
  digest = "1:8ff9d7687cc3c94922b2d8ce01f84963cea63a77b87dfa1ae6b1d40f1252e9fa"
  name = "github.com/gogo/protobuf"
  packages = [
    "proto",
    "sortkeys",
  ]
  pruneopts = "NT"
  revision = "0ca988a254f991240804bf9821f3450d87ccbb1b"
  version = "v1.3.0"

[[projects]]
  branch = "master"
  digest = "1:e2b86e41f3d669fc36b50d31d32d22c8ac656c75aa5ea89717ce7177e134ff2a"
  name = "github.com/golang/glog"
  packages = ["."]
  pruneopts = "NT"
  revision = "23def4e6c14b4da8ac2ed8007337bc5eb5007998"

[[projects]]
  digest = "1:440a3032b9e2db5bbf14535c63caf0e886f13d4f1d128a4a4d9deb03f924aa0c"
  name = "github.com/golang/protobuf"
  packages = [
    "proto",
    "ptypes",
    "ptypes/any",
    "ptypes/duration",
    "ptypes/timestamp",
  ]
  pruneopts = "NT"
  revision = "6c65a5562fc06764971b7c5d05c76c75e84bdbf7"
  version = "v1.3.2"

[[projects]]
  digest = "1:52c5834e2bebac9030c97cc0798ac11c3aa8a39f098aeb419f142533da6cd3cc"
  name = "github.com/google/gofuzz"
  packages = ["."]
  pruneopts = "NT"
  revision = "f140a6486e521aad38f5917de355cbf147cc0496"
  version = "v1.0.0"

[[projects]]
  digest = "1:7b822f5317d7bf87097682a763d5c9ff90c5cb86ee3cd23e1255b43d6b04a141"
  name = "github.com/googleapis/gnostic"
  packages = [
    "OpenAPIv2",
    "compiler",
    "extensions",
  ]
  pruneopts = "NT"
  revision = "ab0dd09aa10e2952b28e12ecd35681b20463ebab"
  version = "v0.3.1"

[[projects]]
  digest = "1:ed860d2b2c1d066d36a89c982eefc7d019badd534f60e87ab65d3d94f0797ef0"
  name = "github.com/hashicorp/golang-lru"
  packages = [
    ".",
    "simplelru",
  ]
  pruneopts = "NT"
  revision = "7f827b33c0f158ec5dfbba01bb0b14a4541fd81d"
  version = "v0.5.3"

[[projects]]
  digest = "1:7c47a990a91ab4922f4009c8ba8dcf35dad08e2b697cf26ea87eaae90e3f7aa1"
  name = "github.com/imdario/mergo"
  packages = ["."]
  pruneopts = "NT"
  revision = "1afb36080aec31e0d1528973ebe6721b191b0369"
  version = "v0.3.8"

[[projects]]
  digest = "1:13b7a2ab50dc8d2492844d1a82f5a798a5befcd337c1f5ec970922523306fcb0"
  name = "github.com/json-iterator/go"
  packages = ["."]
  pruneopts = "NT"
  revision = "27518f6661eba504be5a7a9a9f6d9460d892ade3"
  version = "v1.1.7"

[[projects]]
  digest = "1:2f42fa12d6911c7b7659738758631bec870b7e9b4c6be5444f963cdcfccc191f"
  name = "github.com/modern-go/concurrent"
  packages = ["."]
  pruneopts = "NT"
  revision = "bacd9c7ef1dd9b15be4a9909b8ac7a4e313eec94"
  version = "1.0.3"

[[projects]]
  digest = "1:c6aca19413b13dc59c220ad7430329e2ec454cc310bc6d8de2c7e2b93c18a0f6"
  name = "github.com/modern-go/reflect2"
  packages = ["."]
  pruneopts = "NT"
  revision = "4b7aa43c6742a2c18fdef89dd197aaae7dac7ccd"
  version = "1.0.1"

[[projects]]
  digest = "1:14715f705ff5dfe0ffd6571d7d201dd8e921030f8070321a79380d8ca4ec1a24"
  name = "github.com/pkg/errors"
  packages = ["."]
  pruneopts = "NT"
  revision = "ba968bfe8b2f7e042a574c888954fccecfa385b4"
  version = "v0.8.1"

[[projects]]
  digest = "1:d115708a27806831d1babbc6f28a7478ddf8e32a7095507c816e2515fb03a810"
  name = "github.com/spf13/pflag"
  packages = ["."]
  pruneopts = "NT"
  revision = "2e9d26c8c37aae03e3f9d4e90b7116f5accb7cab"
  version = "v1.0.5"

[[projects]]
  branch = "master"
  digest = "1:06d59092600643835ce13e90a0f91084868777cc11d47391a8d386922de4cb0b"
  name = "golang.org/x/crypto"
  packages = ["ssh/terminal"]
  pruneopts = "NT"
  revision = "af544f31c8ac5794d2134b792e9eb714d9d8f9ce"

[[projects]]
  branch = "master"
  digest = "1:65434f5669c207876cfa130972c05e086040d1728845f8b56b86178de111f863"
  name = "golang.org/x/net"
  packages = [
    "context",
    "context/ctxhttp",
    "http/httpguts",
    "http2",
    "http2/hpack",
    "idna",
  ]
  pruneopts = "NT"
  revision = "d66e71096ffb9f08f36d9aefcae80ce319de6d68"

[[projects]]
  branch = "master"
  digest = "1:39b3fcfdc10f07969cf1e9fcb901bbb600083fff9880739f4ea596b48656c5a1"
  name = "golang.org/x/oauth2"
  packages = [
    ".",
    "internal",
  ]
  pruneopts = "NT"
  revision = "0f29369cfe4552d0e4bcddc57cc75f4d7e672a33"

[[projects]]
  branch = "master"
  digest = "1:4d09f94fc8e7bb63b538a1caf27d99e254465bc987b219f77133660a95f6574b"
  name = "golang.org/x/sys"
  packages = [
    "unix",
    "windows",
  ]
  pruneopts = "NT"
  revision = "b09406accb4736d857a32bf9444cd7edae2ffa79"

[[projects]]
  digest = "1:348fa8283a7c60b5b71ce04d27b37f7c0fce552d4d0b463b5b3ebbd1840d3f1a"
  name = "golang.org/x/text"
  packages = [
    "collate",
    "collate/build",
    "internal/colltab",
    "internal/gen",
    "internal/language",
    "internal/language/compact",
    "internal/tag",
    "internal/triegen",
    "internal/ucd",
    "language",
    "secure/bidirule",
    "transform",
    "unicode/bidi",
    "unicode/cldr",
    "unicode/norm",
    "unicode/rangetable",
  ]
  pruneopts = "NT"
  revision = "342b2e1fbaa52c93f31447ad2c6abc048c63e475"
  version = "v0.3.2"

[[projects]]
  branch = "master"
  digest = "1:cdd088b35bbf78713a6861a44a1bbe97e581861b6b8835c7f2211bbeca3671f6"
  name = "golang.org/x/time"
  packages = ["rate"]
  pruneopts = "NT"
  revision = "c4c64cad1fd0a1a8dab2523e04e61d35308e131e"

[[projects]]
  branch = "master"
  digest = "1:466b72e078ab4c0ad17097d7fd13387dd65300060393ff0c0033afe2be5fb3e0"
  name = "golang.org/x/tools"
  packages = [
    "go/ast/astutil",
    "go/gcexportdata",
    "go/internal/gcimporter",
    "go/internal/packagesdriver",
    "go/packages",
    "go/types/typeutil",
    "imports",
    "internal/fastwalk",
    "internal/gopathwalk",
    "internal/imports",
    "internal/module",
    "internal/semver",
  ]
  pruneopts = "NT"
  revision = "e5ffc44a6fee48797f1a6e50da4caa281d3282bb"

[[projects]]
  digest = "1:ef33a89dbeefa3d834fff6b9e0b342311d4bf1a90cbe9c646e79797940b61c88"
  name = "google.golang.org/appengine"
  packages = [
    "internal",
    "internal/base",
    "internal/datastore",
    "internal/log",
    "internal/remote_api",
    "internal/urlfetch",
    "urlfetch",
  ]
  pruneopts = "NT"
  revision = "971852bfffca25b069c31162ae8f247a3dba083b"
  version = "v1.6.5"

[[projects]]
  digest = "1:2d1fbdc6777e5408cabeb02bf336305e724b925ff4546ded0fa8715a7267922a"
  name = "gopkg.in/inf.v0"
  packages = ["."]
  pruneopts = "NT"
  revision = "d2d2541c53f18d2a059457998ce2876cc8e67cbf"
  version = "v0.9.1"

[[projects]]
  digest = "1:accc3bfe4e404aa53ac3621470e7cf9fce1efe48f0fabcfe6d12a72579d9d91f"
  name = "gopkg.in/yaml.v2"
  packages = ["."]
  pruneopts = "NT"
  revision = "f221b8435cfb71e54062f6c6e99e9ade30b124d5"
  version = "v2.2.4"

[[projects]]
  branch = "master"
  digest = "1:95f7e168aa102ad7ca6e158bef3798e98ff39498301aa1a2862ff45f469b9d46"
  name = "k8s.io/api"
  packages = [
    "admissionregistration/v1beta1",
    "apps/v1",
    "apps/v1beta1",
    "apps/v1beta2",
    "auditregistration/v1alpha1",
    "authentication/v1",
    "authentication/v1beta1",
    "authorization/v1",
    "authorization/v1beta1",
    "autoscaling/v1",
    "autoscaling/v2beta1",
    "autoscaling/v2beta2",
    "batch/v1",
    "batch/v1beta1",
    "batch/v2alpha1",
    "certificates/v1beta1",
    "coordination/v1",
    "coordination/v1beta1",
    "core/v1",
    "events/v1beta1",
    "extensions/v1beta1",
    "networking/v1",
    "networking/v1beta1",
    "node/v1alpha1",
    "node/v1beta1",
    "policy/v1beta1",
    "rbac/v1",
    "rbac/v1alpha1",
    "rbac/v1beta1",
    "scheduling/v1",
    "scheduling/v1alpha1",
    "scheduling/v1beta1",
    "settings/v1alpha1",
    "storage/v1",
    "storage/v1alpha1",
    "storage/v1beta1",
  ]
  pruneopts = "NT"
  revision = "fbf594f18f80ca474b73909f4ca8e6d3caaef0e7"

[[projects]]
  digest = "1:cedf8eb24150165cc58afc33d503686e63a6c74267ee67604d1eb65fc7f01f68"
  name = "k8s.io/apimachinery"
  packages = [
    "pkg/api/errors",
    "pkg/api/meta",
    "pkg/api/resource",
    "pkg/apis/meta/internalversion",
    "pkg/apis/meta/v1",
    "pkg/apis/meta/v1/unstructured",
    "pkg/apis/meta/v1beta1",
    "pkg/conversion",
    "pkg/conversion/queryparams",
    "pkg/fields",
    "pkg/labels",
    "pkg/runtime",
    "pkg/runtime/schema",
    "pkg/runtime/serializer",
    "pkg/runtime/serializer/json",
    "pkg/runtime/serializer/protobuf",
    "pkg/runtime/serializer/recognizer",
    "pkg/runtime/serializer/streaming",
    "pkg/runtime/serializer/versioning",
    "pkg/selection",
    "pkg/types",
    "pkg/util/cache",
    "pkg/util/clock",
    "pkg/util/diff",
    "pkg/util/errors",
    "pkg/util/framer",
    "pkg/util/intstr",
    "pkg/util/json",
    "pkg/util/mergepatch",
    "pkg/util/naming",
    "pkg/util/net",
    "pkg/util/runtime",
    "pkg/util/sets",
    "pkg/util/strategicpatch",
    "pkg/util/validation",
    "pkg/util/validation/field",
    "pkg/util/wait",
    "pkg/util/yaml",
    "pkg/version",
    "pkg/watch",
    "third_party/forked/golang/json",
    "third_party/forked/golang/reflect",
  ]
  pruneopts = "NT"
  revision = "d7deff9243b165ee192f5551710ea4285dcfd615"
  version = "kubernetes-1.14.0"

[[projects]]
  digest = "1:8bc3cec7a064846dea817e20e5c454b2ba1bf77e1a439d3359e0dc0c2a2710a5"
  name = "k8s.io/client-go"
  packages = [
    "discovery",
    "discovery/fake",
    "kubernetes/scheme",
    "pkg/apis/clientauthentication",
    "pkg/apis/clientauthentication/v1alpha1",
    "pkg/apis/clientauthentication/v1beta1",
    "pkg/version",
    "plugin/pkg/client/auth/exec",
    "rest",
    "rest/watch",
    "testing",
    "tools/auth",
    "tools/cache",
    "tools/clientcmd",
    "tools/clientcmd/api",
    "tools/clientcmd/api/latest",
    "tools/clientcmd/api/v1",
    "tools/metrics",
    "tools/pager",
    "transport",
    "util/cert",
    "util/connrotation",
    "util/flowcontrol",
    "util/homedir",
    "util/keyutil",
    "util/retry",
  ]
  pruneopts = "NT"
  revision = "6ee68ca5fd8355d024d02f9db0b3b667e8357a0f"
  version = "kubernetes-1.14.0"

[[projects]]
  digest = "1:3edb458f9e943e19a7627dfd0a974a87acefb1726c07f8dab5c2fe07eac89659"
  name = "k8s.io/code-generator"
  packages = [
    "cmd/client-gen",
    "cmd/client-gen/args",
    "cmd/client-gen/generators",
    "cmd/client-gen/generators/fake",
    "cmd/client-gen/generators/scheme",
    "cmd/client-gen/generators/util",
    "cmd/client-gen/path",
    "cmd/client-gen/types",
    "pkg/namer",
    "pkg/util",
  ]
  pruneopts = "NT"
  revision = "50b561225d70b3eb79a1faafd3dfe7b1a62cbe73"
  version = "kubernetes-1.14.0"

[[projects]]
  branch = "master"
  digest = "1:47f6eeee493d9c836b1585d4251ebad7396d42c204d27bfd3efdfd3951d8cbb1"
  name = "k8s.io/gengo"
  packages = [
    "args",
    "generator",
    "namer",
    "parser",
    "types",
  ]
  pruneopts = "NT"
  revision = "7fa3014cb28f99ce2d9e803bcd3efa7edd4effa9"

[[projects]]
  digest = "1:2c76089e62b6a1c8a48e87f47f7ac3069962a520e553db28d458d3e75d5fed3f"
  name = "k8s.io/klog"
  packages = ["."]
  pruneopts = "NT"
  revision = "2ca9ad30301bf30a8a6e0fa2110db6b8df699a91"
  version = "v1.0.0"

[[projects]]
  branch = "master"
  digest = "1:6fd61bc5e7ce12285e3538275a4481e887e82eecc231c748a3890cc7682c9666"
  name = "k8s.io/kube-openapi"
  packages = ["pkg/util/proto"]
  pruneopts = "NT"
  revision = "0270cf2f1c1d995d34b36019a6f65d58e6e33ad4"

[[projects]]
  branch = "master"
  digest = "1:87f2b92519a80ba5b2119d539a7afa6a683ebcb6d6afc8af81bb4e61eaeaada7"
  name = "k8s.io/utils"
  packages = [
    "buffer",
    "integer",
    "trace",
  ]
  pruneopts = "NT"
  revision = "8d271d903fe4c290aa361acfb242cff7bcee96f1"

[[projects]]
  digest = "1:8730e0150dfb2b7e173890c8b9868e7a273082ef8e39f4940e3506a481cf895c"
  name = "sigs.k8s.io/yaml"
  packages = ["."]
  pruneopts = "NT"
  revision = "fd68e9863619f6ec2fdd8625fe1f02e7c877e480"
  version = "v1.1.0"

[solve-meta]
  analyzer-name = "dep"
  analyzer-version = 1
  input-imports = [
    "github.com/golang/glog",
    "k8s.io/apimachinery/pkg/api/errors",
    "k8s.io/apimachinery/pkg/apis/meta/v1",
    "k8s.io/apimachinery/pkg/labels",
    "k8s.io/apimachinery/pkg/runtime",
    "k8s.io/apimachinery/pkg/runtime/schema",
    "k8s.io/apimachinery/pkg/runtime/serializer",
    "k8s.io/apimachinery/pkg/types",
    "k8s.io/apimachinery/pkg/watch",
    "k8s.io/client-go/discovery",
    "k8s.io/client-go/discovery/fake",
    "k8s.io/client-go/rest",
    "k8s.io/client-go/testing",
    "k8s.io/client-go/tools/cache",
    "k8s.io/client-go/tools/clientcmd",
    "k8s.io/client-go/util/flowcontrol",
    "k8s.io/code-generator/cmd/client-gen",
  ]
  solver-name = "gps-cdcl"
  solver-version = 1
